{
  "name": "vanilla",
  "version": "1.0.0",
  "lockfileVersion": 1,
  "requires": true,
  "dependencies": {
    "@taufik-nurrohman/color-picker": {
      "version": "2.1.1",
      "resolved": "https://registry.npmjs.org/@taufik-nurrohman/color-picker/-/color-picker-2.1.1.tgz",
      "integrity": "sha512-tkkOQIsI1xQHQh0qsKao9O8uiBGFZFHR5luW3PKdpKJeqFlX8a72aAUBZmZKSkfFMrINh/En6N/cGQk3UkR53A==",
      "requires": {
        "opencollective-postinstall": "^2.0.2"
      }
    },
    "opencollective-postinstall": {
      "version": "2.0.3",
      "resolved": "https://registry.npmjs.org/opencollective-postinstall/-/opencollective-postinstall-2.0.3.tgz",
      "integrity": "sha512-8AV/sCtuzUeTo8gQK5qDZzARrulB3egtLzFgteqB2tcT4Mw7B8Kt7JcDHmltjz6FOAHsvTevk70gZEbhM4ZS9Q=="
    }
  }
}
